
Microsoft Visual Studio Solution File, Format Version 12.00
# Visual Studio 2013
VisualStudioVersion = 12.0.31101.0
MinimumVisualStudioVersion = 10.0.40219.1
Project("{FAE04EC0-301F-11D3-BF4B-00C04F79EFBC}") = "KDPushNotification_WP", "WA_PushNotifications_WP8\KDPushNotification_WP.csproj", "{2795BEBA-4CDE-41AF-90CC-3A4966DFFD78}"
EndProject
Project("{2150E333-8FDC-42A3-9474-1A3956D46DE8}") = ".nuget", ".nuget", "{8D0A4407-114F-4472-9390-6B5922268920}"
	ProjectSection(SolutionItems) = preProject
		.nuget\NuGet.Config = .nuget\NuGet.Config
		.nuget\NuGet.exe = .nuget\NuGet.exe
		.nuget\NuGet.targets = .nuget\NuGet.targets
	EndProjectSection
EndProject
Global
	GlobalSection(SolutionConfigurationPlatforms) = preSolution
		Debug|Any CPU = Debug|Any CPU
		Debug|ARM = Debug|ARM
		Debug|x86 = Debug|x86
		Release|Any CPU = Release|Any CPU
		Release|ARM = Release|ARM
		Release|x86 = Release|x86
	EndGlobalSection
	GlobalSection(ProjectConfigurationPlatforms) = postSolution
		{2795BEBA-4CDE-41AF-90CC-3A4966DFFD78}.Debug|Any CPU.ActiveCfg = Debug|Any CPU
		{2795BEBA-4CDE-41AF-90CC-3A4966DFFD78}.Debug|Any CPU.Build.0 = Debug|Any CPU
		{2795BEBA-4CDE-41AF-90CC-3A4966DFFD78}.Debug|Any CPU.Deploy.0 = Debug|Any CPU
		{2795BEBA-4CDE-41AF-90CC-3A4966DFFD78}.Debug|ARM.ActiveCfg = Debug|ARM
		{2795BEBA-4CDE-41AF-90CC-3A4966DFFD78}.Debug|ARM.Build.0 = Debug|ARM
		{2795BEBA-4CDE-41AF-90CC-3A4966DFFD78}.Debug|ARM.Deploy.0 = Debug|ARM
		{2795BEBA-4CDE-41AF-90CC-3A4966DFFD78}.Debug|x86.ActiveCfg = Debug|x86
		{2795BEBA-4CDE-41AF-90CC-3A4966DFFD78}.Debug|x86.Build.0 = Debug|x86
		{2795BEBA-4CDE-41AF-90CC-3A4966DFFD78}.Debug|x86.Deploy.0 = Debug|x86
		{2795BEBA-4CDE-41AF-90CC-3A4966DFFD78}.Release|Any CPU.ActiveCfg = Release|Any CPU
		{2795BEBA-4CDE-41AF-90CC-3A4966DFFD78}.Release|Any CPU.Build.0 = Release|Any CPU
		{2795BEBA-4CDE-41AF-90CC-3A4966DFFD78}.Release|Any CPU.Deploy.0 = Release|Any CPU
		{2795BEBA-4CDE-41AF-90CC-3A4966DFFD78}.Release|ARM.ActiveCfg = Release|ARM
		{2795BEBA-4CDE-41AF-90CC-3A4966DFFD78}.Release|ARM.Build.0 = Release|ARM
		{2795BEBA-4CDE-41AF-90CC-3A4966DFFD78}.Release|ARM.Deploy.0 = Release|ARM
		{2795BEBA-4CDE-41AF-90CC-3A4966DFFD78}.Release|x86.ActiveCfg = Release|x86
		{2795BEBA-4CDE-41AF-90CC-3A4966DFFD78}.Release|x86.Build.0 = Release|x86
		{2795BEBA-4CDE-41AF-90CC-3A4966DFFD78}.Release|x86.Deploy.0 = Release|x86
	EndGlobalSection
	GlobalSection(SolutionProperties) = preSolution
		HideSolutionNode = FALSE
	EndGlobalSection
EndGlobal
